
Microsoft Visual Studio Solution File, Format Version 12.00
# Visual Studio Version 16
VisualStudioVersion = 16.0.31515.178
MinimumVisualStudioVersion = 10.0.40219.1
Project("{FAE04EC0-301F-11D3-BF4B-00C04F79EFBC}") = "MosPolytech Rating", "MosPolytech Rating\MosPolytech Rating.csproj", "{4CA748D9-DDD7-4FE5-9E36-92B98F2F6CC1}"
EndProject
Global
	GlobalSection(SolutionConfigurationPlatforms) = preSolution
		Debug|Any CPU = Debug|Any CPU
		Release|Any CPU = Release|Any CPU
	EndGlobalSection
	GlobalSection(ProjectConfigurationPlatforms) = postSolution
		{4CA748D9-DDD7-4FE5-9E36-92B98F2F6CC1}.Debug|Any CPU.ActiveCfg = Debug|Any CPU
		{4CA748D9-DDD7-4FE5-9E36-92B98F2F6CC1}.Debug|Any CPU.Build.0 = Debug|Any CPU
		{4CA748D9-DDD7-4FE5-9E36-92B98F2F6CC1}.Release|Any CPU.ActiveCfg = Release|Any CPU
		{4CA748D9-DDD7-4FE5-9E36-92B98F2F6CC1}.Release|Any CPU.Build.0 = Release|Any CPU
	EndGlobalSection
	GlobalSection(SolutionProperties) = preSolution
		HideSolutionNode = FALSE
	EndGlobalSection
	GlobalSection(ExtensibilityGlobals) = postSolution
		SolutionGuid = {43E6329D-A341-4043-B9F9-0FDD32E3CE66}
	EndGlobalSection
EndGlobal
